// !$*UTF8*$!
{
	archiveVersion = 1;
	classes = {
	};
	objectVersion = 46;
	objects = {

/* Begin PBXBuildFile section */
		B8BCF42F1A17029400C48DE1 /* main.m in Sources */ = {isa = PBXBuildFile; fileRef = B8BCF42E1A17029400C48DE1 /* main.m */; };
		B8BCF4321A17029400C48DE1 /* AppDelegate.m in Sources */ = {isa = PBXBuildFile; fileRef = B8BCF4311A17029400C48DE1 /* AppDelegate.m */; };
		B8BCF4351A17029400C48DE1 /* ViewController.m in Sources */ = {isa = PBXBuildFile; fileRef = B8BCF4341A17029400C48DE1 /* ViewController.m */; };
		B8BCF4381A17029400C48DE1 /* Main.storyboard in Resources */ = {isa = PBXBuildFile; fileRef = B8BCF4361A17029400C48DE1 /* Main.storyboard */; };
		B8BCF43A1A17029400C48DE1 /* Images.xcassets in Resources */ = {isa = PBXBuildFile; fileRef = B8BCF4391A17029400C48DE1 /* Images.xcassets */; };
		B8BCF43D1A17029400C48DE1 /* LaunchScreen.xib in Resources */ = {isa = PBXBuildFile; fileRef = B8BCF43B1A17029400C48DE1 /* LaunchScreen.xib */; };
		B8BCF4491A17029400C48DE1 /* tableviewTests.m in Sources */ = {isa = PBXBuildFile; fileRef = B8BCF4481A17029400C48DE1 /* tableviewTests.m */; };
/* End PBXBuildFile section */

/* Begin PBXContainerItemProxy section */
		B8BCF4431A17029400C48DE1 /* PBXContainerItemProxy */ = {
			isa = PBXContainerItemProxy;
			containerPortal = B8BCF4211A17029400C48DE1 /* Project object */;
			proxyType = 1;
			remoteGlobalIDString = B8BCF4281A17029400C48DE1;
			remoteInfo = tableview;
		};
/* End PBXContainerItemProxy section */

/* Begin PBXFileReference section */
		B8BCF4291A17029400C48DE1 /* tableview.app */ = {isa = PBXFileReference; explicitFileType = wrapper.application; includeInIndex = 0; path = tableview.app; sourceTree = BUILT_PRODUCTS_DIR; };
		B8BCF42D1A17029400C48DE1 /* Info.plist */ = {isa = PBXFileReference; lastKnownFileType = text.plist.xml; path = Info.plist; sourceTree = "<group>"; };
		B8BCF42E1A17029400C48DE1 /* main.m */ = {isa = PBXFileReference; lastKnownFileType = sourcecode.c.objc; path = main.m; sourceTree = "<group>"; };
		B8BCF4301A17029400C48DE1 /* AppDelegate.h */ = {isa = PBXFileReference; lastKnownFileType = sourcecode.c.h; path = AppDelegate.h; sourceTree = "<group>"; };
		B8BCF4311A17029400C48DE1 /* AppDelegate.m */ = {isa = PBXFileReference; lastKnownFileType = sourcecode.c.objc; path = AppDelegate.m; sourceTree = "<group>"; };
		B8BCF4331A17029400C48DE1 /* ViewController.h */ = {isa = PBXFileReference; lastKnownFileType = sourcecode.c.h; path = ViewController.h; sourceTree = "<group>"; };
		B8BCF4341A17029400C48DE1 /* ViewController.m */ = {isa = PBXFileReference; lastKnownFileType = sourcecode.c.objc; path = ViewController.m; sourceTree = "<group>"; };
		B8BCF4371A17029400C48DE1 /* Base */ = {isa = PBXFileReference; lastKnownFileType = file.storyboard; name = Base; path = Base.lproj/Main.storyboard; sourceTree = "<group>"; };
		B8BCF4391A17029400C48DE1 /* Images.xcassets */ = {isa = PBXFileReference; lastKnownFileType = folder.assetcatalog; path = Images.xcassets; sourceTree = "<group>"; };
		B8BCF43C1A17029400C48DE1 /* Base */ = {isa = PBXFileReference; lastKnownFileType = file.xib; name = Base; path = Base.lproj/LaunchScreen.xib; sourceTree = "<group>"; };
		B8BCF4421A17029400C48DE1 /* tableviewTests.xctest */ = {isa = PBXFileReference; explicitFileType = wrapper.cfbundle; includeInIndex = 0; path = tableviewTests.xctest; sourceTree = BUILT_PRODUCTS_DIR; };
		B8BCF4471A17029400C48DE1 /* Info.plist */ = {isa = PBXFileReference; lastKnownFileType = text.plist.xml; path = Info.plist; sourceTree = "<group>"; };
		B8BCF4481A17029400C48DE1 /* tableviewTests.m */ = {isa = PBXFileReference; lastKnownFileType = sourcecode.c.objc; path = tableviewTests.m; sourceTree = "<group>"; };
/* End PBXFileReference section */

/* Begin PBXFrameworksBuildPhase section */
		B8BCF4261A17029400C48DE1 /* Frameworks */ = {
			isa = PBXFrameworksBuildPhase;
			buildActionMask = 2147483647;
			files = (
			);
			runOnlyForDeploymentPostprocessing = 0;
		};
		B8BCF43F1A17029400C48DE1 /* Frameworks */ = {
			isa = PBXFrameworksBuildPhase;
			buildActionMask = 2147483647;
			files = (
			);
			runOnlyForDeploymentPostprocessing = 0;
		};
/* End PBXFrameworksBuildPhase section */

/* Begin PBXGroup section */
		B8BCF4201A17029400C48DE1 = {
			isa = PBXGroup;
			children = (
				B8BCF42B1A17029400C48DE1 /* tableview */,
				B8BCF4451A17029400C48DE1 /* tableviewTests */,
				B8BCF42A1A17029400C48DE1 /* Products */,
			);
			sourceTree = "<group>";
		};
		B8BCF42A1A17029400C48DE1 /* Products */ = {
			isa = PBXGroup;
			children = (
				B8BCF4291A17029400C48DE1 /* tableview.app */,
				B8BCF4421A17029400C48DE1 /* tableviewTests.xctest */,
			);
			name = Products;
			sourceTree = "<group>";
		};
		B8BCF42B1A17029400C48DE1 /* tableview */ = {
			isa = PBXGroup;
			children = (
				B8BCF4301A17029400C48DE1 /* AppDelegate.h */,
				B8BCF4311A17029400C48DE1 /* AppDelegate.m */,
				B8BCF4331A17029400C48DE1 /* ViewController.h */,
				B8BCF4341A17029400C48DE1 /* ViewController.m */,
				B8BCF4361A17029400C48DE1 /* Main.storyboard */,
				B8BCF4391A17029400C48DE1 /* Images.xcassets */,
				B8BCF43B1A17029400C48DE1 /* LaunchScreen.xib */,
				B8BCF42C1A17029400C48DE1 /* Supporting Files */,
			);
			path = tableview;
			sourceTree = "<group>";
		};
		B8BCF42C1A17029400C48DE1 /* Supporting Files */ = {
			isa = PBXGroup;
			children = (
				B8BCF42D1A17029400C48DE1 /* Info.plist */,
				B8BCF42E1A17029400C48DE1 /* main.m */,
			);
			name = "Supporting Files";
			sourceTree = "<group>";
		};
		B8BCF4451A17029400C48DE1 /* tableviewTests */ = {
			isa = PBXGroup;
			children = (
				B8BCF4481A17029400C48DE1 /* tableviewTests.m */,
				B8BCF4461A17029400C48DE1 /* Supporting Files */,
			);
			path = tableviewTests;
			sourceTree = "<group>";
		};
		B8BCF4461A17029400C48DE1 /* Supporting Files */ = {
			isa = PBXGroup;
			children = (
				B8BCF4471A17029400C48DE1 /* Info.plist */,
			);
			name = "Supporting Files";
			sourceTree = "<group>";
		};
/* End PBXGroup section */

/* Begin PBXNativeTarget section */
		B8BCF4281A17029400C48DE1 /* tableview */ = {
			isa = PBXNativeTarget;
			buildConfigurationList = B8BCF44C1A17029400C48DE1 /* Build configuration list for PBXNativeTarget "tableview" */;
			buildPhases = (
				B8BCF4251A17029400C48DE1 /* Sources */,
				B8BCF4261A17029400C48DE1 /* Frameworks */,
				B8BCF4271A17029400C48DE1 /* Resources */,
			);
			buildRules = (
			);
			dependencies = (
			);
			name = tableview;
			productName = tableview;
			productReference = B8BCF4291A17029400C48DE1 /* tableview.app */;
			productType = "com.apple.product-type.application";
		};
		B8BCF4411A17029400C48DE1 /* tableviewTests */ = {
			isa = PBXNativeTarget;
			buildConfigurationList = B8BCF44F1A17029400C48DE1 /* Build configuration list for PBXNativeTarget "tableviewTests" */;
			buildPhases = (
				B8BCF43E1A17029400C48DE1 /* Sources */,
				B8BCF43F1A17029400C48DE1 /* Frameworks */,
				B8BCF4401A17029400C48DE1 /* Resources */,
			);
			buildRules = (
			);
			dependencies = (
				B8BCF4441A17029400C48DE1 /* PBXTargetDependency */,
			);
			name = tableviewTests;
			productName = tableviewTests;
			productReference = B8BCF4421A17029400C48DE1 /* tableviewTests.xctest */;
			productType = "com.apple.product-type.bundle.unit-test";
		};
/* End PBXNativeTarget section */

/* Begin PBXProject section */
		B8BCF4211A17029400C48DE1 /* Project object */ = {
			isa = PBXProject;
			attributes = {
				LastUpgradeCheck = 0610;
				ORGANIZATIONNAME = "Parimala Gollapudi";
				TargetAttributes = {
					B8BCF4281A17029400C48DE1 = {
						CreatedOnToolsVersion = 6.1;
					};
					B8BCF4411A17029400C48DE1 = {
						CreatedOnToolsVersion = 6.1;
						TestTargetID = B8BCF4281A17029400C48DE1;
					};
				};
			};
			buildConfigurationList = B8BCF4241A17029400C48DE1 /* Build configuration list for PBXProject "tableview" */;
			compatibilityVersion = "Xcode 3.2";
			developmentRegion = English;
			hasScannedForEncodings = 0;
			knownRegions = (
				en,
				Base,
			);
			mainGroup = B8BCF4201A17029400C48DE1;
			productRefGroup = B8BCF42A1A17029400C48DE1 /* Products */;
			projectDirPath = "";
			projectRoot = "";
			targets = (
				B8BCF4281A17029400C48DE1 /* tableview */,
				B8BCF4411A17029400C48DE1 /* tableviewTests */,
			);
		};
/* End PBXProject section */

/* Begin PBXResourcesBuildPhase section */
		B8BCF4271A17029400C48DE1 /* Resources */ = {
			isa = PBXResourcesBuildPhase;
			buildActionMask = 2147483647;
			files = (
				B8BCF4381A17029400C48DE1 /* Main.storyboard in Resources */,
				B8BCF43D1A17029400C48DE1 /* LaunchScreen.xib in Resources */,
				B8BCF43A1A17029400C48DE1 /* Images.xcassets in Resources */,
			);
			runOnlyForDeploymentPostprocessing = 0;
		};
		B8BCF4401A17029400C48DE1 /* Resources */ = {
			isa = PBXResourcesBuildPhase;
			buildActionMask = 2147483647;
			files = (
			);
			runOnlyForDeploymentPostprocessing = 0;
		};
/* End PBXResourcesBuildPhase section */

/* Begin PBXSourcesBuildPhase section */
		B8BCF4251A17029400C48DE1 /* Sources */ = {
			isa = PBXSourcesBuildPhase;
			buildActionMask = 2147483647;
			files = (
				B8BCF4351A17029400C48DE1 /* ViewController.m in Sources */,
				B8BCF4321A17029400C48DE1 /* AppDelegate.m in Sources */,
				B8BCF42F1A17029400C48DE1 /* main.m in Sources */,
			);
			runOnlyForDeploymentPostprocessing = 0;
		};
		B8BCF43E1A17029400C48DE1 /* Sources */ = {
			isa = PBXSourcesBuildPhase;
			buildActionMask = 2147483647;
			files = (
				B8BCF4491A17029400C48DE1 /* tableviewTests.m in Sources */,
			);
			runOnlyForDeploymentPostprocessing = 0;
		};
/* End PBXSourcesBuildPhase section */

/* Begin PBXTargetDependency section */
		B8BCF4441A17029400C48DE1 /* PBXTargetDependency */ = {
			isa = PBXTargetDependency;
			target = B8BCF4281A17029400C48DE1 /* tableview */;
			targetProxy = B8BCF4431A17029400C48DE1 /* PBXContainerItemProxy */;
		};
/* End PBXTargetDependency section */

/* Begin PBXVariantGroup section */
		B8BCF4361A17029400C48DE1 /* Main.storyboard */ = {
			isa = PBXVariantGroup;
			children = (
				B8BCF4371A17029400C48DE1 /* Base */,
			);
			name = Main.storyboard;
			sourceTree = "<group>";
		};
		B8BCF43B1A17029400C48DE1 /* LaunchScreen.xib */ = {
			isa = PBXVariantGroup;
			children = (
				B8BCF43C1A17029400C48DE1 /* Base */,
			);
			name = LaunchScreen.xib;
			sourceTree = "<group>";
		};
/* End PBXVariantGroup section */

/* Begin XCBuildConfiguration section */
		B8BCF44A1A17029400C48DE1 /* Debug */ = {
			isa = XCBuildConfiguration;
			buildSettings = {
				ALWAYS_SEARCH_USER_PATHS = NO;
				CLANG_CXX_LANGUAGE_STANDARD = "gnu++0x";
				CLANG_CXX_LIBRARY = "libc++";
				CLANG_ENABLE_MODULES = YES;
				CLANG_ENABLE_OBJC_ARC = YES;
				CLANG_WARN_BOOL_CONVERSION = YES;
				CLANG_WARN_CONSTANT_CONVERSION = YES;
				CLANG_WARN_DIRECT_OBJC_ISA_USAGE = YES_ERROR;
				CLANG_WARN_EMPTY_BODY = YES;
				CLANG_WARN_ENUM_CONVERSION = YES;
				CLANG_WARN_INT_CONVERSION = YES;
				CLANG_WARN_OBJC_ROOT_CLASS = YES_ERROR;
				CLANG_WARN_UNREACHABLE_CODE = YES;
				CLANG_WARN__DUPLICATE_METHOD_MATCH = YES;
				"CODE_SIGN_IDENTITY[sdk=iphoneos*]" = "iPhone Developer";
				COPY_PHASE_STRIP = NO;
				ENABLE_STRICT_OBJC_MSGSEND = YES;
				GCC_C_LANGUAGE_STANDARD = gnu99;
				GCC_DYNAMIC_NO_PIC = NO;
				GCC_OPTIMIZATION_LEVEL = 0;
				GCC_PREPROCESSOR_DEFINITIONS = (
					"DEBUG=1",
					"$(inherited)",
				);
				GCC_SYMBOLS_PRIVATE_EXTERN = NO;
				GCC_WARN_64_TO_32_BIT_CONVERSION = YES;
				GCC_WARN_ABOUT_RETURN_TYPE = YES_ERROR;
				GCC_WARN_UNDECLARED_SELECTOR = YES;
				GCC_WARN_UNINITIALIZED_AUTOS = YES_AGGRESSIVE;
				GCC_WARN_UNUSED_FUNCTION = YES;
				GCC_WARN_UNUSED_VARIABLE = YES;
				IPHONEOS_DEPLOYMENT_TARGET = 8.1;
				MTL_ENABLE_DEBUG_INFO = YES;
				ONLY_ACTIVE_ARCH = YES;
				SDKROOT = iphoneos;
			};
			name = Debug;
		};
		B8BCF44B1A17029400C48DE1 /* Release */ = {
			isa = XCBuildConfiguration;
			buildSettings = {
				ALWAYS_SEARCH_USER_PATHS = NO;
				CLANG_CXX_LANGUAGE_STANDARD = "gnu++0x";
				CLANG_CXX_LIBRARY = "libc++";
				CLANG_ENABLE_MODULES = YES;
				CLANG_ENABLE_OBJC_ARC = YES;
				CLANG_WARN_BOOL_CONVERSION = YES;
				CLANG_WARN_CONSTANT_CONVERSION = YES;
				CLANG_WARN_DIRECT_OBJC_ISA_USAGE = YES_ERROR;
				CLANG_WARN_EMPTY_BODY = YES;
				CLANG_WARN_ENUM_CONVERSION = YES;
				CLANG_WARN_INT_CONVERSION = YES;
				CLANG_WARN_OBJC_ROOT_CLASS = YES_ERROR;
				CLANG_WARN_UNREACHABLE_CODE = YES;
				CLANG_WARN__DUPLICATE_METHOD_MATCH = YES;
				"CODE_SIGN_IDENTITY[sdk=iphoneos*]" = "iPhone Developer";
				COPY_PHASE_STRIP = YES;
				ENABLE_NS_ASSERTIONS = NO;
				ENABLE_STRICT_OBJC_MSGSEND = YES;
				GCC_C_LANGUAGE_STANDARD = gnu99;
				GCC_WARN_64_TO_32_BIT_CONVERSION = YES;
				GCC_WARN_ABOUT_RETURN_TYPE = YES_ERROR;
				GCC_WARN_UNDECLARED_SELECTOR = YES;
				GCC_WARN_UNINITIALIZED_AUTOS = YES_AGGRESSIVE;
				GCC_WARN_UNUSED_FUNCTION = YES;
				GCC_WARN_UNUSED_VARIABLE = YES;
				IPHONEOS_DEPLOYMENT_TARGET = 8.1;
				MTL_ENABLE_DEBUG_INFO = NO;
				SDKROOT = iphoneos;
				VALIDATE_PRODUCT = YES;
			};
			name = Release;
		};
		B8BCF44D1A17029400C48DE1 /* Debug */ = {
			isa = XCBuildConfiguration;
			buildSettings = {
				ASSETCATALOG_COMPILER_APPICON_NAME = AppIcon;
				INFOPLIST_FILE = tableview/Info.plist;
				LD_RUNPATH_SEARCH_PATHS = "$(inherited) @executable_path/Frameworks";
				PRODUCT_NAME = "$(TARGET_NAME)";
			};
			name = Debug;
		};
		B8BCF44E1A17029400C48DE1 /* Release */ = {
			isa = XCBuildConfiguration;
			buildSettings = {
				ASSETCATALOG_COMPILER_APPICON_NAME = AppIcon;
				INFOPLIST_FILE = tableview/Info.plist;
				LD_RUNPATH_SEARCH_PATHS = "$(inherited) @executable_path/Frameworks";
				PRODUCT_NAME = "$(TARGET_NAME)";
			};
			name = Release;
		};
		B8BCF4501A17029400C48DE1 /* Debug */ = {
			isa = XCBuildConfiguration;
			buildSettings = {
				BUNDLE_LOADER = "$(TEST_HOST)";
				FRAMEWORK_SEARCH_PATHS = (
					"$(SDKROOT)/Developer/Library/Frameworks",
					"$(inherited)",
				);
				GCC_PREPROCESSOR_DEFINITIONS = (
					"DEBUG=1",
					"$(inherited)",
				);
				INFOPLIST_FILE = tableviewTests/Info.plist;
				LD_RUNPATH_SEARCH_PATHS = "$(inherited) @executable_path/Frameworks @loader_path/Frameworks";
				PRODUCT_NAME = "$(TARGET_NAME)";
				TEST_HOST = "$(BUILT_PRODUCTS_DIR)/tableview.app/tableview";
			};
			name = Debug;
		};
		B8BCF4511A17029400C48DE1 /* Release */ = {
			isa = XCBuildConfiguration;
			buildSettings = {
				BUNDLE_LOADER = "$(TEST_HOST)";
				FRAMEWORK_SEARCH_PATHS = (
					"$(SDKROOT)/Developer/Library/Frameworks",
					"$(inherited)",
				);
				INFOPLIST_FILE = tableviewTests/Info.plist;
				LD_RUNPATH_SEARCH_PATHS = "$(inherited) @executable_path/Frameworks @loader_path/Frameworks";
				PRODUCT_NAME = "$(TARGET_NAME)";
				TEST_HOST = "$(BUILT_PRODUCTS_DIR)/tableview.app/tableview";
			};
			name = Release;
		};
/* End XCBuildConfiguration section */

/* Begin XCConfigurationList section */
		B8BCF4241A17029400C48DE1 /* Build configuration list for PBXProject "tableview" */ = {
			isa = XCConfigurationList;
			buildConfigurations = (
				B8BCF44A1A17029400C48DE1 /* Debug */,
				B8BCF44B1A17029400C48DE1 /* Release */,
			);
			defaultConfigurationIsVisible = 0;
			defaultConfigurationName = Release;
		};
		B8BCF44C1A17029400C48DE1 /* Build configuration list for PBXNativeTarget "tableview" */ = {
			isa = XCConfigurationList;
			buildConfigurations = (
				B8BCF44D1A17029400C48DE1 /* Debug */,
				B8BCF44E1A17029400C48DE1 /* Release */,
			);
			defaultConfigurationIsVisible = 0;
		};
		B8BCF44F1A17029400C48DE1 /* Build configuration list for PBXNativeTarget "tableviewTests" */ = {
			isa = XCConfigurationList;
			buildConfigurations = (
				B8BCF4501A17029400C48DE1 /* Debug */,
				B8BCF4511A17029400C48DE1 /* Release */,
			);
			defaultConfigurationIsVisible = 0;
		};
/* End XCConfigurationList section */
	};
	rootObject = B8BCF4211A17029400C48DE1 /* Project object */;
}
